
Microsoft Visual Studio Solution File, Format Version 12.00
# Visual Studio Version 16
VisualStudioVersion = 16.0.31515.178
MinimumVisualStudioVersion = 10.0.40219.1
Project("{FAE04EC0-301F-11D3-BF4B-00C04F79EFBC}") = "WebApplication1", "WebApplication1\WebApplication1.csproj", "{028B83F0-E3B6-4057-BC19-834F9381BD19}"
EndProject
Global
	GlobalSection(SolutionConfigurationPlatforms) = preSolution
		Debug|Any CPU = Debug|Any CPU
		Release|Any CPU = Release|Any CPU
	EndGlobalSection
	GlobalSection(ProjectConfigurationPlatforms) = postSolution
		{028B83F0-E3B6-4057-BC19-834F9381BD19}.Debug|Any CPU.ActiveCfg = Debug|Any CPU
		{028B83F0-E3B6-4057-BC19-834F9381BD19}.Debug|Any CPU.Build.0 = Debug|Any CPU
		{028B83F0-E3B6-4057-BC19-834F9381BD19}.Release|Any CPU.ActiveCfg = Release|Any CPU
		{028B83F0-E3B6-4057-BC19-834F9381BD19}.Release|Any CPU.Build.0 = Release|Any CPU
	EndGlobalSection
	GlobalSection(SolutionProperties) = preSolution
		HideSolutionNode = FALSE
	EndGlobalSection
	GlobalSection(ExtensibilityGlobals) = postSolution
		SolutionGuid = {13E10D55-57B2-4CAA-B9F2-E25FE40B1A87}
	EndGlobalSection
EndGlobal
